
Microsoft Visual Studio Solution File, Format Version 12.00
# Visual Studio Version 17
VisualStudioVersion = 17.4.33122.133
MinimumVisualStudioVersion = 10.0.40219.1
Project("{FAE04EC0-301F-11D3-BF4B-00C04F79EFBC}") = "B.BOOKWEB", "B.BOOKWEB\B.BOOKWEB.csproj", "{3FFD0017-37A8-4D1A-B513-F3C8527F2E68}"
EndProject
Global
	GlobalSection(SolutionConfigurationPlatforms) = preSolution
		Debug|Any CPU = Debug|Any CPU
		Release|Any CPU = Release|Any CPU
	EndGlobalSection
	GlobalSection(ProjectConfigurationPlatforms) = postSolution
		{3FFD0017-37A8-4D1A-B513-F3C8527F2E68}.Debug|Any CPU.ActiveCfg = Debug|Any CPU
		{3FFD0017-37A8-4D1A-B513-F3C8527F2E68}.Debug|Any CPU.Build.0 = Debug|Any CPU
		{3FFD0017-37A8-4D1A-B513-F3C8527F2E68}.Release|Any CPU.ActiveCfg = Release|Any CPU
		{3FFD0017-37A8-4D1A-B513-F3C8527F2E68}.Release|Any CPU.Build.0 = Release|Any CPU
	EndGlobalSection
	GlobalSection(SolutionProperties) = preSolution
		HideSolutionNode = FALSE
	EndGlobalSection
	GlobalSection(ExtensibilityGlobals) = postSolution
		SolutionGuid = {6913B32B-E4EA-4E66-9ADE-9CFF887F72E5}
	EndGlobalSection
EndGlobal
